
Microsoft Visual Studio Solution File, Format Version 12.00
# Visual Studio Version 17
VisualStudioVersion = 17.0.31903.59
MinimumVisualStudioVersion = 10.0.40219.1
Project("{2150E333-8FDC-42A3-9474-1A3956D46DE8}") = "src", "src", "{CA45EC33-AEF1-4D6D-8C8F-CFDEC0E972C9}"
	ProjectSection(SolutionItems) = preProject
		src\Directory.Build.props = src\Directory.Build.props
	EndProjectSection
EndProject
Project("{FAE04EC0-301F-11D3-BF4B-00C04F79EFBC}") = "SleepingBear.TemporaryDatabase.Postgres", "src\Postgres\SleepingBear.TemporaryDatabase.Postgres.csproj", "{3F8F9610-486A-43DE-849B-FCD15FD8AC01}"
EndProject
Project("{FAE04EC0-301F-11D3-BF4B-00C04F79EFBC}") = "SleepingBear.TemporaryDatabase.MySql", "src\MySql\SleepingBear.TemporaryDatabase.MySql.csproj", "{992AF964-0979-4CFA-89BC-9B6AE8380A10}"
EndProject
Project("{FAE04EC0-301F-11D3-BF4B-00C04F79EFBC}") = "SleepingBear.TemporaryDatabase.MySql.Tests", "src\MySql.Tests\SleepingBear.TemporaryDatabase.MySql.Tests.csproj", "{46B32208-63C3-42BE-BB3A-51FDF18B4F75}"
EndProject
Project("{FAE04EC0-301F-11D3-BF4B-00C04F79EFBC}") = "SleepingBear.TemporaryDatabase.Postgres.Tests", "src\Postgres.Tests\SleepingBear.TemporaryDatabase.Postgres.Tests.csproj", "{1D2EBA83-DC86-4F1B-AFA1-2D012FBB8F71}"
EndProject
Global
	GlobalSection(SolutionConfigurationPlatforms) = preSolution
		Debug|Any CPU = Debug|Any CPU
		Release|Any CPU = Release|Any CPU
	EndGlobalSection
	GlobalSection(SolutionProperties) = preSolution
		HideSolutionNode = FALSE
	EndGlobalSection
	GlobalSection(ProjectConfigurationPlatforms) = postSolution
		{3F8F9610-486A-43DE-849B-FCD15FD8AC01}.Debug|Any CPU.ActiveCfg = Debug|Any CPU
		{3F8F9610-486A-43DE-849B-FCD15FD8AC01}.Debug|Any CPU.Build.0 = Debug|Any CPU
		{3F8F9610-486A-43DE-849B-FCD15FD8AC01}.Release|Any CPU.ActiveCfg = Release|Any CPU
		{3F8F9610-486A-43DE-849B-FCD15FD8AC01}.Release|Any CPU.Build.0 = Release|Any CPU
		{992AF964-0979-4CFA-89BC-9B6AE8380A10}.Debug|Any CPU.ActiveCfg = Debug|Any CPU
		{992AF964-0979-4CFA-89BC-9B6AE8380A10}.Debug|Any CPU.Build.0 = Debug|Any CPU
		{992AF964-0979-4CFA-89BC-9B6AE8380A10}.Release|Any CPU.ActiveCfg = Release|Any CPU
		{992AF964-0979-4CFA-89BC-9B6AE8380A10}.Release|Any CPU.Build.0 = Release|Any CPU
		{46B32208-63C3-42BE-BB3A-51FDF18B4F75}.Debug|Any CPU.ActiveCfg = Debug|Any CPU
		{46B32208-63C3-42BE-BB3A-51FDF18B4F75}.Debug|Any CPU.Build.0 = Debug|Any CPU
		{46B32208-63C3-42BE-BB3A-51FDF18B4F75}.Release|Any CPU.ActiveCfg = Release|Any CPU
		{46B32208-63C3-42BE-BB3A-51FDF18B4F75}.Release|Any CPU.Build.0 = Release|Any CPU
		{1D2EBA83-DC86-4F1B-AFA1-2D012FBB8F71}.Debug|Any CPU.ActiveCfg = Debug|Any CPU
		{1D2EBA83-DC86-4F1B-AFA1-2D012FBB8F71}.Debug|Any CPU.Build.0 = Debug|Any CPU
		{1D2EBA83-DC86-4F1B-AFA1-2D012FBB8F71}.Release|Any CPU.ActiveCfg = Release|Any CPU
		{1D2EBA83-DC86-4F1B-AFA1-2D012FBB8F71}.Release|Any CPU.Build.0 = Release|Any CPU
	EndGlobalSection
	GlobalSection(NestedProjects) = preSolution
		{3F8F9610-486A-43DE-849B-FCD15FD8AC01} = {CA45EC33-AEF1-4D6D-8C8F-CFDEC0E972C9}
		{992AF964-0979-4CFA-89BC-9B6AE8380A10} = {CA45EC33-AEF1-4D6D-8C8F-CFDEC0E972C9}
		{46B32208-63C3-42BE-BB3A-51FDF18B4F75} = {CA45EC33-AEF1-4D6D-8C8F-CFDEC0E972C9}
		{1D2EBA83-DC86-4F1B-AFA1-2D012FBB8F71} = {CA45EC33-AEF1-4D6D-8C8F-CFDEC0E972C9}
	EndGlobalSection
EndGlobal
